// !$*UTF8*$!
{
	archiveVersion = 1;
	classes = {
	};
	objectVersion = 77;
	objects = {

/* Begin PBXContainerItemProxy section */
		667C12AD2D62548300777576 /* PBXContainerItemProxy */ = {
			isa = PBXContainerItemProxy;
			containerPortal = 667C128E2D62548200777576 /* Project object */;
			proxyType = 1;
			remoteGlobalIDString = 667C12952D62548200777576;
			remoteInfo = "movies-db";
		};
		667C12B72D62548300777576 /* PBXContainerItemProxy */ = {
			isa = PBXContainerItemProxy;
			containerPortal = 667C128E2D62548200777576 /* Project object */;
			proxyType = 1;
			remoteGlobalIDString = 667C12952D62548200777576;
			remoteInfo = "movies-db";
		};
/* End PBXContainerItemProxy section */

/* Begin PBXFileReference section */
		667C12962D62548200777576 /* movies-db.app */ = {isa = PBXFileReference; explicitFileType = wrapper.application; includeInIndex = 0; path = "movies-db.app"; sourceTree = BUILT_PRODUCTS_DIR; };
		667C12AC2D62548300777576 /* movies-dbTests.xctest */ = {isa = PBXFileReference; explicitFileType = wrapper.cfbundle; includeInIndex = 0; path = "movies-dbTests.xctest"; sourceTree = BUILT_PRODUCTS_DIR; };
		667C12B62D62548300777576 /* movies-dbUITests.xctest */ = {isa = PBXFileReference; explicitFileType = wrapper.cfbundle; includeInIndex = 0; path = "movies-dbUITests.xctest"; sourceTree = BUILT_PRODUCTS_DIR; };
/* End PBXFileReference section */

/* Begin PBXFileSystemSynchronizedBuildFileExceptionSet section */
		667C12BE2D62548300777576 /* Exceptions for "movies-db" folder in "movies-db" target */ = {
			isa = PBXFileSystemSynchronizedBuildFileExceptionSet;
			membershipExceptions = (
				Infrastructure/Info.plist,
			);
			target = 667C12952D62548200777576 /* movies-db */;
		};
/* End PBXFileSystemSynchronizedBuildFileExceptionSet section */

/* Begin PBXFileSystemSynchronizedRootGroup section */
		667C12982D62548200777576 /* movies-db */ = {
			isa = PBXFileSystemSynchronizedRootGroup;
			exceptions = (
				667C12BE2D62548300777576 /* Exceptions for "movies-db" folder in "movies-db" target */,
			);
			path = "movies-db";
			sourceTree = "<group>";
		};
		667C12AF2D62548300777576 /* movies-dbTests */ = {
			isa = PBXFileSystemSynchronizedRootGroup;
			path = "movies-dbTests";
			sourceTree = "<group>";
		};
		667C12B92D62548300777576 /* movies-dbUITests */ = {
			isa = PBXFileSystemSynchronizedRootGroup;
			path = "movies-dbUITests";
			sourceTree = "<group>";
		};
/* End PBXFileSystemSynchronizedRootGroup section */

/* Begin PBXFrameworksBuildPhase section */
		667C12932D62548200777576 /* Frameworks */ = {
			isa = PBXFrameworksBuildPhase;
			buildActionMask = 2147483647;
			files = (
			);
			runOnlyForDeploymentPostprocessing = 0;
		};
		667C12A92D62548300777576 /* Frameworks */ = {
			isa = PBXFrameworksBuildPhase;
			buildActionMask = 2147483647;
			files = (
			);
			runOnlyForDeploymentPostprocessing = 0;
		};
		667C12B32D62548300777576 /* Frameworks */ = {
			isa = PBXFrameworksBuildPhase;
			buildActionMask = 2147483647;
			files = (
			);
			runOnlyForDeploymentPostprocessing = 0;
		};
/* End PBXFrameworksBuildPhase section */

/* Begin PBXGroup section */
		667C128D2D62548200777576 = {
			isa = PBXGroup;
			children = (
				667C12982D62548200777576 /* movies-db */,
				667C12AF2D62548300777576 /* movies-dbTests */,
				667C12B92D62548300777576 /* movies-dbUITests */,
				667C12972D62548200777576 /* Products */,
			);
			sourceTree = "<group>";
		};
		667C12972D62548200777576 /* Products */ = {
			isa = PBXGroup;
			children = (
				667C12962D62548200777576 /* movies-db.app */,
				667C12AC2D62548300777576 /* movies-dbTests.xctest */,
				667C12B62D62548300777576 /* movies-dbUITests.xctest */,
			);
			name = Products;
			sourceTree = "<group>";
		};
/* End PBXGroup section */

/* Begin PBXNativeTarget section */
		667C12952D62548200777576 /* movies-db */ = {
			isa = PBXNativeTarget;
			buildConfigurationList = 667C12BF2D62548300777576 /* Build configuration list for PBXNativeTarget "movies-db" */;
			buildPhases = (
				667C12922D62548200777576 /* Sources */,
				667C12932D62548200777576 /* Frameworks */,
				667C12942D62548200777576 /* Resources */,
			);
			buildRules = (
			);
			dependencies = (
			);
			fileSystemSynchronizedGroups = (
				667C12982D62548200777576 /* movies-db */,
			);
			name = "movies-db";
			packageProductDependencies = (
			);
			productName = "movies-db";
			productReference = 667C12962D62548200777576 /* movies-db.app */;
			productType = "com.apple.product-type.application";
		};
		667C12AB2D62548300777576 /* movies-dbTests */ = {
			isa = PBXNativeTarget;
			buildConfigurationList = 667C12C42D62548300777576 /* Build configuration list for PBXNativeTarget "movies-dbTests" */;
			buildPhases = (
				667C12A82D62548300777576 /* Sources */,
				667C12A92D62548300777576 /* Frameworks */,
				667C12AA2D62548300777576 /* Resources */,
			);
			buildRules = (
			);
			dependencies = (
				667C12AE2D62548300777576 /* PBXTargetDependency */,
			);
			fileSystemSynchronizedGroups = (
				667C12AF2D62548300777576 /* movies-dbTests */,
			);
			name = "movies-dbTests";
			packageProductDependencies = (
			);
			productName = "movies-dbTests";
			productReference = 667C12AC2D62548300777576 /* movies-dbTests.xctest */;
			productType = "com.apple.product-type.bundle.unit-test";
		};
		667C12B52D62548300777576 /* movies-dbUITests */ = {
			isa = PBXNativeTarget;
			buildConfigurationList = 667C12C72D62548300777576 /* Build configuration list for PBXNativeTarget "movies-dbUITests" */;
			buildPhases = (
				667C12B22D62548300777576 /* Sources */,
				667C12B32D62548300777576 /* Frameworks */,
				667C12B42D62548300777576 /* Resources */,
			);
			buildRules = (
			);
			dependencies = (
				667C12B82D62548300777576 /* PBXTargetDependency */,
			);
			fileSystemSynchronizedGroups = (
				667C12B92D62548300777576 /* movies-dbUITests */,
			);
			name = "movies-dbUITests";
			packageProductDependencies = (
			);
			productName = "movies-dbUITests";
			productReference = 667C12B62D62548300777576 /* movies-dbUITests.xctest */;
			productType = "com.apple.product-type.bundle.ui-testing";
		};
/* End PBXNativeTarget section */

/* Begin PBXProject section */
		667C128E2D62548200777576 /* Project object */ = {
			isa = PBXProject;
			attributes = {
				BuildIndependentTargetsInParallel = 1;
				LastSwiftUpdateCheck = 1600;
				LastUpgradeCheck = 1600;
				TargetAttributes = {
					667C12952D62548200777576 = {
						CreatedOnToolsVersion = 16.0;
					};
					667C12AB2D62548300777576 = {
						CreatedOnToolsVersion = 16.0;
						TestTargetID = 667C12952D62548200777576;
					};
					667C12B52D62548300777576 = {
						CreatedOnToolsVersion = 16.0;
						TestTargetID = 667C12952D62548200777576;
					};
				};
			};
			buildConfigurationList = 667C12912D62548200777576 /* Build configuration list for PBXProject "movies-db" */;
			developmentRegion = en;
			hasScannedForEncodings = 0;
			knownRegions = (
				en,
				Base,
			);
			mainGroup = 667C128D2D62548200777576;
			minimizedProjectReferenceProxies = 1;
			preferredProjectObjectVersion = 77;
			productRefGroup = 667C12972D62548200777576 /* Products */;
			projectDirPath = "";
			projectRoot = "";
			targets = (
				667C12952D62548200777576 /* movies-db */,
				667C12AB2D62548300777576 /* movies-dbTests */,
				667C12B52D62548300777576 /* movies-dbUITests */,
			);
		};
/* End PBXProject section */

/* Begin PBXResourcesBuildPhase section */
		667C12942D62548200777576 /* Resources */ = {
			isa = PBXResourcesBuildPhase;
			buildActionMask = 2147483647;
			files = (
			);
			runOnlyForDeploymentPostprocessing = 0;
		};
		667C12AA2D62548300777576 /* Resources */ = {
			isa = PBXResourcesBuildPhase;
			buildActionMask = 2147483647;
			files = (
			);
			runOnlyForDeploymentPostprocessing = 0;
		};
		667C12B42D62548300777576 /* Resources */ = {
			isa = PBXResourcesBuildPhase;
			buildActionMask = 2147483647;
			files = (
			);
			runOnlyForDeploymentPostprocessing = 0;
		};
/* End PBXResourcesBuildPhase section */

/* Begin PBXSourcesBuildPhase section */
		667C12922D62548200777576 /* Sources */ = {
			isa = PBXSourcesBuildPhase;
			buildActionMask = 2147483647;
			files = (
			);
			runOnlyForDeploymentPostprocessing = 0;
		};
		667C12A82D62548300777576 /* Sources */ = {
			isa = PBXSourcesBuildPhase;
			buildActionMask = 2147483647;
			files = (
			);
			runOnlyForDeploymentPostprocessing = 0;
		};
		667C12B22D62548300777576 /* Sources */ = {
			isa = PBXSourcesBuildPhase;
			buildActionMask = 2147483647;
			files = (
			);
			runOnlyForDeploymentPostprocessing = 0;
		};
/* End PBXSourcesBuildPhase section */

/* Begin PBXTargetDependency section */
		667C12AE2D62548300777576 /* PBXTargetDependency */ = {
			isa = PBXTargetDependency;
			target = 667C12952D62548200777576 /* movies-db */;
			targetProxy = 667C12AD2D62548300777576 /* PBXContainerItemProxy */;
		};
		667C12B82D62548300777576 /* PBXTargetDependency */ = {
			isa = PBXTargetDependency;
			target = 667C12952D62548200777576 /* movies-db */;
			targetProxy = 667C12B72D62548300777576 /* PBXContainerItemProxy */;
		};
/* End PBXTargetDependency section */

/* Begin XCBuildConfiguration section */
		667C12C02D62548300777576 /* Debug */ = {
			isa = XCBuildConfiguration;
			baseConfigurationReferenceAnchor = 667C12982D62548200777576 /* movies-db */;
			baseConfigurationReferenceRelativePath = "Infrastructure/Configs/Movies-db-Config.xcconfig";
			buildSettings = {
				ASSETCATALOG_COMPILER_APPICON_NAME = AppIcon;
				ASSETCATALOG_COMPILER_GLOBAL_ACCENT_COLOR_NAME = AccentColor;
				CODE_SIGN_STYLE = Automatic;
				CURRENT_PROJECT_VERSION = 1;
				DEVELOPMENT_TEAM = 96VQ8X4H7K;
				GENERATE_INFOPLIST_FILE = YES;
				INFOPLIST_FILE = "movies-db/Infrastructure/Info.plist";
				INFOPLIST_KEY_CFBundleDisplayName = "${APP_DISPLAY_NAME}";
				INFOPLIST_KEY_UIApplicationSupportsIndirectInputEvents = YES;
				INFOPLIST_KEY_UILaunchStoryboardName = LaunchScreen;
				INFOPLIST_KEY_UIMainStoryboardFile = "";
				INFOPLIST_KEY_UISupportedInterfaceOrientations = UIInterfaceOrientationPortrait;
				IPHONEOS_DEPLOYMENT_TARGET = 14.0;
				LD_RUNPATH_SEARCH_PATHS = (
					"$(inherited)",
					"@executable_path/Frameworks",
				);
				MARKETING_VERSION = 1.0;
				PRODUCT_BUNDLE_IDENTIFIER = "heinar.kuulme.movies-db";
				PRODUCT_NAME = "$(TARGET_NAME)";
				SWIFT_EMIT_LOC_STRINGS = YES;
				SWIFT_VERSION = 5.0;
				TARGETED_DEVICE_FAMILY = "1,2";
			};
			name = Debug;
		};
		667C12C12D62548300777576 /* Release */ = {
			isa = XCBuildConfiguration;
			baseConfigurationReferenceAnchor = 667C12982D62548200777576 /* movies-db */;
			baseConfigurationReferenceRelativePath = "Infrastructure/Configs/Movies-db-Config.xcconfig";
			buildSettings = {
				ASSETCATALOG_COMPILER_APPICON_NAME = AppIcon;
				ASSETCATALOG_COMPILER_GLOBAL_ACCENT_COLOR_NAME = AccentColor;
				CODE_SIGN_STYLE = Automatic;
				CURRENT_PROJECT_VERSION = 1;
				DEVELOPMENT_TEAM = 96VQ8X4H7K;
				GENERATE_INFOPLIST_FILE = YES;
				INFOPLIST_FILE = "movies-db/Infrastructure/Info.plist";
				INFOPLIST_KEY_CFBundleDisplayName = "${APP_DISPLAY_NAME}";
				INFOPLIST_KEY_UIApplicationSupportsIndirectInputEvents = YES;
				INFOPLIST_KEY_UILaunchStoryboardName = LaunchScreen;
				INFOPLIST_KEY_UIMainStoryboardFile = "";
				INFOPLIST_KEY_UISupportedInterfaceOrientations = UIInterfaceOrientationPortrait;
				IPHONEOS_DEPLOYMENT_TARGET = 14.0;
				LD_RUNPATH_SEARCH_PATHS = (
					"$(inherited)",
					"@executable_path/Frameworks",
				);
				MARKETING_VERSION = 1.0;
				PRODUCT_BUNDLE_IDENTIFIER = "heinar.kuulme.movies-db";
				PRODUCT_NAME = "$(TARGET_NAME)";
				SWIFT_EMIT_LOC_STRINGS = YES;
				SWIFT_VERSION = 5.0;
				TARGETED_DEVICE_FAMILY = "1,2";
			};
			name = Release;
		};
		667C12C22D62548300777576 /* Debug */ = {
			isa = XCBuildConfiguration;
			baseConfigurationReferenceAnchor = 667C12982D62548200777576 /* movies-db */;
			baseConfigurationReferenceRelativePath = "Infrastructure/Configs/Movies-db-Config.xcconfig";
			buildSettings = {
				ALWAYS_SEARCH_USER_PATHS = NO;
				ASSETCATALOG_COMPILER_GENERATE_SWIFT_ASSET_SYMBOL_EXTENSIONS = YES;
				CLANG_ANALYZER_NONNULL = YES;
				CLANG_ANALYZER_NUMBER_OBJECT_CONVERSION = YES_AGGRESSIVE;
				CLANG_CXX_LANGUAGE_STANDARD = "gnu++20";
				CLANG_ENABLE_MODULES = YES;
				CLANG_ENABLE_OBJC_ARC = YES;
				CLANG_ENABLE_OBJC_WEAK = YES;
				CLANG_WARN_BLOCK_CAPTURE_AUTORELEASING = YES;
				CLANG_WARN_BOOL_CONVERSION = YES;
				CLANG_WARN_COMMA = YES;
				CLANG_WARN_CONSTANT_CONVERSION = YES;
				CLANG_WARN_DEPRECATED_OBJC_IMPLEMENTATIONS = YES;
				CLANG_WARN_DIRECT_OBJC_ISA_USAGE = YES_ERROR;
				CLANG_WARN_DOCUMENTATION_COMMENTS = YES;
				CLANG_WARN_EMPTY_BODY = YES;
				CLANG_WARN_ENUM_CONVERSION = YES;
				CLANG_WARN_INFINITE_RECURSION = YES;
				CLANG_WARN_INT_CONVERSION = YES;
				CLANG_WARN_NON_LITERAL_NULL_CONVERSION = YES;
				CLANG_WARN_OBJC_IMPLICIT_RETAIN_SELF = YES;
				CLANG_WARN_OBJC_LITERAL_CONVERSION = YES;
				CLANG_WARN_OBJC_ROOT_CLASS = YES_ERROR;
				CLANG_WARN_QUOTED_INCLUDE_IN_FRAMEWORK_HEADER = YES;
				CLANG_WARN_RANGE_LOOP_ANALYSIS = YES;
				CLANG_WARN_STRICT_PROTOTYPES = YES;
				CLANG_WARN_SUSPICIOUS_MOVE = YES;
				CLANG_WARN_UNGUARDED_AVAILABILITY = YES_AGGRESSIVE;
				CLANG_WARN_UNREACHABLE_CODE = YES;
				CLANG_WARN__DUPLICATE_METHOD_MATCH = YES;
				COPY_PHASE_STRIP = NO;
				DEBUG_INFORMATION_FORMAT = dwarf;
				ENABLE_STRICT_OBJC_MSGSEND = YES;
				ENABLE_TESTABILITY = YES;
				ENABLE_USER_SCRIPT_SANDBOXING = YES;
				GCC_C_LANGUAGE_STANDARD = gnu17;
				GCC_DYNAMIC_NO_PIC = NO;
				GCC_NO_COMMON_BLOCKS = YES;
				GCC_OPTIMIZATION_LEVEL = 0;
				GCC_PREPROCESSOR_DEFINITIONS = (
					"DEBUG=1",
					"$(inherited)",
				);
				GCC_WARN_64_TO_32_BIT_CONVERSION = YES;
				GCC_WARN_ABOUT_RETURN_TYPE = YES_ERROR;
				GCC_WARN_UNDECLARED_SELECTOR = YES;
				GCC_WARN_UNINITIALIZED_AUTOS = YES_AGGRESSIVE;
				GCC_WARN_UNUSED_FUNCTION = YES;
				GCC_WARN_UNUSED_VARIABLE = YES;
				IPHONEOS_DEPLOYMENT_TARGET = 18.0;
				LOCALIZATION_PREFERS_STRING_CATALOGS = YES;
				MTL_ENABLE_DEBUG_INFO = INCLUDE_SOURCE;
				MTL_FAST_MATH = YES;
				ONLY_ACTIVE_ARCH = YES;
				SDKROOT = iphoneos;
				SWIFT_ACTIVE_COMPILATION_CONDITIONS = "DEBUG $(inherited)";
				SWIFT_OPTIMIZATION_LEVEL = "-Onone";
			};
			name = Debug;
		};
		667C12C32D62548300777576 /* Release */ = {
			isa = XCBuildConfiguration;
			baseConfigurationReferenceAnchor = 667C12982D62548200777576 /* movies-db */;
			baseConfigurationReferenceRelativePath = "Infrastructure/Configs/Movies-db-Config.xcconfig";
			buildSettings = {
				ALWAYS_SEARCH_USER_PATHS = NO;
				ASSETCATALOG_COMPILER_GENERATE_SWIFT_ASSET_SYMBOL_EXTENSIONS = YES;
				CLANG_ANALYZER_NONNULL = YES;
				CLANG_ANALYZER_NUMBER_OBJECT_CONVERSION = YES_AGGRESSIVE;
				CLANG_CXX_LANGUAGE_STANDARD = "gnu++20";
				CLANG_ENABLE_MODULES = YES;
				CLANG_ENABLE_OBJC_ARC = YES;
				CLANG_ENABLE_OBJC_WEAK = YES;
				CLANG_WARN_BLOCK_CAPTURE_AUTORELEASING = YES;
				CLANG_WARN_BOOL_CONVERSION = YES;
				CLANG_WARN_COMMA = YES;
				CLANG_WARN_CONSTANT_CONVERSION = YES;
				CLANG_WARN_DEPRECATED_OBJC_IMPLEMENTATIONS = YES;
				CLANG_WARN_DIRECT_OBJC_ISA_USAGE = YES_ERROR;
				CLANG_WARN_DOCUMENTATION_COMMENTS = YES;
				CLANG_WARN_EMPTY_BODY = YES;
				CLANG_WARN_ENUM_CONVERSION = YES;
				CLANG_WARN_INFINITE_RECURSION = YES;
				CLANG_WARN_INT_CONVERSION = YES;
				CLANG_WARN_NON_LITERAL_NULL_CONVERSION = YES;
				CLANG_WARN_OBJC_IMPLICIT_RETAIN_SELF = YES;
				CLANG_WARN_OBJC_LITERAL_CONVERSION = YES;
				CLANG_WARN_OBJC_ROOT_CLASS = YES_ERROR;
				CLANG_WARN_QUOTED_INCLUDE_IN_FRAMEWORK_HEADER = YES;
				CLANG_WARN_RANGE_LOOP_ANALYSIS = YES;
				CLANG_WARN_STRICT_PROTOTYPES = YES;
				CLANG_WARN_SUSPICIOUS_MOVE = YES;
				CLANG_WARN_UNGUARDED_AVAILABILITY = YES_AGGRESSIVE;
				CLANG_WARN_UNREACHABLE_CODE = YES;
				CLANG_WARN__DUPLICATE_METHOD_MATCH = YES;
				COPY_PHASE_STRIP = NO;
				DEBUG_INFORMATION_FORMAT = "dwarf-with-dsym";
				ENABLE_NS_ASSERTIONS = NO;
				ENABLE_STRICT_OBJC_MSGSEND = YES;
				ENABLE_USER_SCRIPT_SANDBOXING = YES;
				GCC_C_LANGUAGE_STANDARD = gnu17;
				GCC_NO_COMMON_BLOCKS = YES;
				GCC_WARN_64_TO_32_BIT_CONVERSION = YES;
				GCC_WARN_ABOUT_RETURN_TYPE = YES_ERROR;
				GCC_WARN_UNDECLARED_SELECTOR = YES;
				GCC_WARN_UNINITIALIZED_AUTOS = YES_AGGRESSIVE;
				GCC_WARN_UNUSED_FUNCTION = YES;
				GCC_WARN_UNUSED_VARIABLE = YES;
				IPHONEOS_DEPLOYMENT_TARGET = 18.0;
				LOCALIZATION_PREFERS_STRING_CATALOGS = YES;
				MTL_ENABLE_DEBUG_INFO = NO;
				MTL_FAST_MATH = YES;
				SDKROOT = iphoneos;
				SWIFT_COMPILATION_MODE = wholemodule;
				VALIDATE_PRODUCT = YES;
			};
			name = Release;
		};
		667C12C52D62548300777576 /* Debug */ = {
			isa = XCBuildConfiguration;
			baseConfigurationReferenceAnchor = 667C12982D62548200777576 /* movies-db */;
			baseConfigurationReferenceRelativePath = "Infrastructure/Configs/Movies-db-Config.xcconfig";
			buildSettings = {
				BUNDLE_LOADER = "$(TEST_HOST)";
				CODE_SIGN_STYLE = Automatic;
				CURRENT_PROJECT_VERSION = 1;
				DEVELOPMENT_TEAM = 96VQ8X4H7K;
				GENERATE_INFOPLIST_FILE = YES;
				IPHONEOS_DEPLOYMENT_TARGET = 18.0;
				MARKETING_VERSION = 1.0;
				PRODUCT_BUNDLE_IDENTIFIER = "heinar.kuulme.movies-dbTests";
				PRODUCT_NAME = "$(TARGET_NAME)";
				SWIFT_EMIT_LOC_STRINGS = NO;
				SWIFT_VERSION = 5.0;
				TARGETED_DEVICE_FAMILY = "1,2";
				TEST_HOST = "$(BUILT_PRODUCTS_DIR)/movies-db.app/$(BUNDLE_EXECUTABLE_FOLDER_PATH)/movies-db";
			};
			name = Debug;
		};
		667C12C62D62548300777576 /* Release */ = {
			isa = XCBuildConfiguration;
			baseConfigurationReferenceAnchor = 667C12982D62548200777576 /* movies-db */;
			baseConfigurationReferenceRelativePath = "Infrastructure/Configs/Movies-db-Config.xcconfig";
			buildSettings = {
				BUNDLE_LOADER = "$(TEST_HOST)";
				CODE_SIGN_STYLE = Automatic;
				CURRENT_PROJECT_VERSION = 1;
				DEVELOPMENT_TEAM = 96VQ8X4H7K;
				GENERATE_INFOPLIST_FILE = YES;
				IPHONEOS_DEPLOYMENT_TARGET = 18.0;
				MARKETING_VERSION = 1.0;
				PRODUCT_BUNDLE_IDENTIFIER = "heinar.kuulme.movies-dbTests";
				PRODUCT_NAME = "$(TARGET_NAME)";
				SWIFT_EMIT_LOC_STRINGS = NO;
				SWIFT_VERSION = 5.0;
				TARGETED_DEVICE_FAMILY = "1,2";
				TEST_HOST = "$(BUILT_PRODUCTS_DIR)/movies-db.app/$(BUNDLE_EXECUTABLE_FOLDER_PATH)/movies-db";
			};
			name = Release;
		};
		667C12C82D62548300777576 /* Debug */ = {
			isa = XCBuildConfiguration;
			baseConfigurationReferenceAnchor = 667C12982D62548200777576 /* movies-db */;
			baseConfigurationReferenceRelativePath = "Infrastructure/Configs/Movies-db-Config.xcconfig";
			buildSettings = {
				CODE_SIGN_STYLE = Automatic;
				CURRENT_PROJECT_VERSION = 1;
				DEVELOPMENT_TEAM = 96VQ8X4H7K;
				GENERATE_INFOPLIST_FILE = YES;
				MARKETING_VERSION = 1.0;
				PRODUCT_BUNDLE_IDENTIFIER = "heinar.kuulme.movies-dbUITests";
				PRODUCT_NAME = "$(TARGET_NAME)";
				SWIFT_EMIT_LOC_STRINGS = NO;
				SWIFT_VERSION = 5.0;
				TARGETED_DEVICE_FAMILY = "1,2";
				TEST_TARGET_NAME = "movies-db";
			};
			name = Debug;
		};
		667C12C92D62548300777576 /* Release */ = {
			isa = XCBuildConfiguration;
			baseConfigurationReferenceAnchor = 667C12982D62548200777576 /* movies-db */;
			baseConfigurationReferenceRelativePath = "Infrastructure/Configs/Movies-db-Config.xcconfig";
			buildSettings = {
				CODE_SIGN_STYLE = Automatic;
				CURRENT_PROJECT_VERSION = 1;
				DEVELOPMENT_TEAM = 96VQ8X4H7K;
				GENERATE_INFOPLIST_FILE = YES;
				MARKETING_VERSION = 1.0;
				PRODUCT_BUNDLE_IDENTIFIER = "heinar.kuulme.movies-dbUITests";
				PRODUCT_NAME = "$(TARGET_NAME)";
				SWIFT_EMIT_LOC_STRINGS = NO;
				SWIFT_VERSION = 5.0;
				TARGETED_DEVICE_FAMILY = "1,2";
				TEST_TARGET_NAME = "movies-db";
			};
			name = Release;
		};
/* End XCBuildConfiguration section */

/* Begin XCConfigurationList section */
		667C12912D62548200777576 /* Build configuration list for PBXProject "movies-db" */ = {
			isa = XCConfigurationList;
			buildConfigurations = (
				667C12C22D62548300777576 /* Debug */,
				667C12C32D62548300777576 /* Release */,
			);
			defaultConfigurationIsVisible = 0;
			defaultConfigurationName = Release;
		};
		667C12BF2D62548300777576 /* Build configuration list for PBXNativeTarget "movies-db" */ = {
			isa = XCConfigurationList;
			buildConfigurations = (
				667C12C02D62548300777576 /* Debug */,
				667C12C12D62548300777576 /* Release */,
			);
			defaultConfigurationIsVisible = 0;
			defaultConfigurationName = Release;
		};
		667C12C42D62548300777576 /* Build configuration list for PBXNativeTarget "movies-dbTests" */ = {
			isa = XCConfigurationList;
			buildConfigurations = (
				667C12C52D62548300777576 /* Debug */,
				667C12C62D62548300777576 /* Release */,
			);
			defaultConfigurationIsVisible = 0;
			defaultConfigurationName = Release;
		};
		667C12C72D62548300777576 /* Build configuration list for PBXNativeTarget "movies-dbUITests" */ = {
			isa = XCConfigurationList;
			buildConfigurations = (
				667C12C82D62548300777576 /* Debug */,
				667C12C92D62548300777576 /* Release */,
			);
			defaultConfigurationIsVisible = 0;
			defaultConfigurationName = Release;
		};
/* End XCConfigurationList section */
	};
	rootObject = 667C128E2D62548200777576 /* Project object */;
}
